// !$*UTF8*$!
{
	archiveVersion = 1;
	classes = {
	};
	objectVersion = 46;
	objects = {

/* Begin PBXBuildFile section */
		523E4ABE1E670A0A00573BA0 /* AFNetworkHelper.m in Sources */ = {isa = PBXBuildFile; fileRef = 523E4ABD1E670A0A00573BA0 /* AFNetworkHelper.m */; };
		523E4AC21E670BB800573BA0 /* NSObject+Parser.m in Sources */ = {isa = PBXBuildFile; fileRef = 523E4AC11E670BB800573BA0 /* NSObject+Parser.m */; };
		523E4AC51E670C8D00573BA0 /* Request.m in Sources */ = {isa = PBXBuildFile; fileRef = 523E4AC41E670C8D00573BA0 /* Request.m */; };
		7E09DA351EDFF21200137D5B /* SKPaymetManager.m in Sources */ = {isa = PBXBuildFile; fileRef = 7E09DA341EDFF21200137D5B /* SKPaymetManager.m */; };
		7E0B34281EA60B740036B45F /* ConfigDefine.m in Sources */ = {isa = PBXBuildFile; fileRef = 7E0B34271EA60B740036B45F /* ConfigDefine.m */; };
		7E0CF9C61EADF62900102CDB /* UIImage+Custom.m in Sources */ = {isa = PBXBuildFile; fileRef = 7E0CF9C51EADF62900102CDB /* UIImage+Custom.m */; };
		7E0CF9C81EADFFE200102CDB /* test.gif in Resources */ = {isa = PBXBuildFile; fileRef = 7E0CF9C71EADFFE200102CDB /* test.gif */; };
		7E0CF9CB1EAE024B00102CDB /* BaseWebViewController.m in Sources */ = {isa = PBXBuildFile; fileRef = 7E0CF9CA1EAE024B00102CDB /* BaseWebViewController.m */; };
		7E1742AE1E615447002C2C6D /* main.m in Sources */ = {isa = PBXBuildFile; fileRef = 7E1742AD1E615447002C2C6D /* main.m */; };
		7E1742B11E615447002C2C6D /* AppDelegate.m in Sources */ = {isa = PBXBuildFile; fileRef = 7E1742B01E615447002C2C6D /* AppDelegate.m */; };
		7E1742B41E615447002C2C6D /* ViewController.m in Sources */ = {isa = PBXBuildFile; fileRef = 7E1742B31E615447002C2C6D /* ViewController.m */; };
		7E1742B71E615447002C2C6D /* Main.storyboard in Resources */ = {isa = PBXBuildFile; fileRef = 7E1742B51E615447002C2C6D /* Main.storyboard */; };
		7E1742B91E615447002C2C6D /* Assets.xcassets in Resources */ = {isa = PBXBuildFile; fileRef = 7E1742B81E615447002C2C6D /* Assets.xcassets */; };
		7E1742BC1E615447002C2C6D /* LaunchScreen.storyboard in Resources */ = {isa = PBXBuildFile; fileRef = 7E1742BA1E615447002C2C6D /* LaunchScreen.storyboard */; };
		7E1743241E61591E002C2C6D /* BaseNavigationController.m in Sources */ = {isa = PBXBuildFile; fileRef = 7E1743141E61591E002C2C6D /* BaseNavigationController.m */; };
		7E1743251E61591E002C2C6D /* BaseTabBarController.m in Sources */ = {isa = PBXBuildFile; fileRef = 7E1743161E61591E002C2C6D /* BaseTabBarController.m */; };
		7E1743261E61591E002C2C6D /* BaseTableViewCell.m in Sources */ = {isa = PBXBuildFile; fileRef = 7E1743181E61591E002C2C6D /* BaseTableViewCell.m */; };
		7E1743271E61591E002C2C6D /* BaseTableViewController.m in Sources */ = {isa = PBXBuildFile; fileRef = 7E17431A1E61591E002C2C6D /* BaseTableViewController.m */; };
		7E1743281E61591E002C2C6D /* BaseViewController.m in Sources */ = {isa = PBXBuildFile; fileRef = 7E17431C1E61591E002C2C6D /* BaseViewController.m */; };
		7E1743331E616274002C2C6D /* NSTimer+Custom.m in Sources */ = {isa = PBXBuildFile; fileRef = 7E1743321E616274002C2C6D /* NSTimer+Custom.m */; };
		7E1743391E616837002C2C6D /* UIAlertController+Custom.m in Sources */ = {isa = PBXBuildFile; fileRef = 7E1743381E616837002C2C6D /* UIAlertController+Custom.m */; };
		7E17433C1E616892002C2C6D /* NSDate+Custom.m in Sources */ = {isa = PBXBuildFile; fileRef = 7E17433B1E616892002C2C6D /* NSDate+Custom.m */; };
		7E1975F41E94B95500954869 /* AppDelegate+Notification.m in Sources */ = {isa = PBXBuildFile; fileRef = 7E1975ED1E94B95400954869 /* AppDelegate+Notification.m */; };
		7E1975F51E94B95500954869 /* UpdateManager.m in Sources */ = {isa = PBXBuildFile; fileRef = 7E1975F01E94B95500954869 /* UpdateManager.m */; };
		7E1975F61E94B95500954869 /* UserData.m in Sources */ = {isa = PBXBuildFile; fileRef = 7E1975F31E94B95500954869 /* UserData.m */; };
		7E1976391E94DD3500954869 /* AudioTool.m in Sources */ = {isa = PBXBuildFile; fileRef = 7E1976381E94DD3500954869 /* AudioTool.m */; };
		7E19763B1E94E38800954869 /* local@2x.png in Resources */ = {isa = PBXBuildFile; fileRef = 7E19763A1E94E38800954869 /* local@2x.png */; };
		7E1D28721EE8362F0088095C /* VideoToolView.m in Sources */ = {isa = PBXBuildFile; fileRef = 7E1D28711EE8362F0088095C /* VideoToolView.m */; };
		7E2CE6871EF502CE0092EDC5 /* VideoKit.bundle in Resources */ = {isa = PBXBuildFile; fileRef = 7E2CE6861EF502CE0092EDC5 /* VideoKit.bundle */; };
		7E39FBED1E8F92C900E5029D /* IMGScaleView.m in Sources */ = {isa = PBXBuildFile; fileRef = 7E39FBEC1E8F92C900E5029D /* IMGScaleView.m */; };
		7E420DB41EE571C3005BFB83 /* IMConversationViewController.m in Sources */ = {isa = PBXBuildFile; fileRef = 7E420DB31EE571C3005BFB83 /* IMConversationViewController.m */; };
		7E420DBA1EE573C2005BFB83 /* IMMessageBaseCell.m in Sources */ = {isa = PBXBuildFile; fileRef = 7E420DB91EE573C2005BFB83 /* IMMessageBaseCell.m */; };
		7E420DBE1EE57536005BFB83 /* IMMessageModel.m in Sources */ = {isa = PBXBuildFile; fileRef = 7E420DBD1EE57536005BFB83 /* IMMessageModel.m */; };
		7E5804E21E9613B800D5DAF7 /* test.mp3 in Resources */ = {isa = PBXBuildFile; fileRef = 7E5804E11E9613B800D5DAF7 /* test.mp3 */; };
		7E6DD9981EA498BF00B16579 /* DBManager.m in Sources */ = {isa = PBXBuildFile; fileRef = 7E6DD9971EA498BF00B16579 /* DBManager.m */; };
		7E6DD99B1EA4993300B16579 /* DBTool.m in Sources */ = {isa = PBXBuildFile; fileRef = 7E6DD99A1EA4993300B16579 /* DBTool.m */; };
		7E6DD99D1EA49DB500B16579 /* libsqlite3.0.tbd in Frameworks */ = {isa = PBXBuildFile; fileRef = 7E6DD99C1EA49DB500B16579 /* libsqlite3.0.tbd */; };
		7ED6F6BA1E8E6E5B003BAE58 /* File.txt in Resources */ = {isa = PBXBuildFile; fileRef = 7ED6F6B91E8E6E5B003BAE58 /* File.txt */; };
		7EDC1AA51EAED7CA00516756 /* NavigationView.m in Sources */ = {isa = PBXBuildFile; fileRef = 7EDC1AA41EAED7CA00516756 /* NavigationView.m */; };
		7EDC1AAB1EAEE99200516756 /* UIControl+Button.m in Sources */ = {isa = PBXBuildFile; fileRef = 7EDC1AAA1EAEE99200516756 /* UIControl+Button.m */; };
		7EDC1AB01EAEEA6400516756 /* NSString+MD5.m in Sources */ = {isa = PBXBuildFile; fileRef = 7EDC1AAD1EAEEA6400516756 /* NSString+MD5.m */; };
		7EDC1AB11EAEEA6400516756 /* NSString+Validate.m in Sources */ = {isa = PBXBuildFile; fileRef = 7EDC1AAF1EAEEA6400516756 /* NSString+Validate.m */; };
		7EE02BA01ED689E50097A0F5 /* MKQRCode.m in Sources */ = {isa = PBXBuildFile; fileRef = 7EE02B9F1ED689E50097A0F5 /* MKQRCode.m */; };
		7EF44CE71EE6941A00EEDD1E /* UIView+custom.m in Sources */ = {isa = PBXBuildFile; fileRef = 7EF44CE61EE6941A00EEDD1E /* UIView+custom.m */; };
		7EF44CEB1EE6A0D300EEDD1E /* TouchIDTool.m in Sources */ = {isa = PBXBuildFile; fileRef = 7EF44CEA1EE6A0D300EEDD1E /* TouchIDTool.m */; };
		7EF44CF31EE6B47C00EEDD1E /* DemoTestViewController.m in Sources */ = {isa = PBXBuildFile; fileRef = 7EF44CF21EE6B47C00EEDD1E /* DemoTestViewController.m */; };
		7EF44CF71EE6B86900EEDD1E /* VideoPlayerView.m in Sources */ = {isa = PBXBuildFile; fileRef = 7EF44CF61EE6B86900EEDD1E /* VideoPlayerView.m */; };
		7EF44CFA1EE6C0F000EEDD1E /* test.mp4 in Resources */ = {isa = PBXBuildFile; fileRef = 7EF44CF91EE6C0F000EEDD1E /* test.mp4 */; };
		7EF9D1D41EE67BFF004495C9 /* DemoViewController.m in Sources */ = {isa = PBXBuildFile; fileRef = 7EF9D1D31EE67BFF004495C9 /* DemoViewController.m */; };
		7EF9D1D71EE67C76004495C9 /* DemoTableViewCell.m in Sources */ = {isa = PBXBuildFile; fileRef = 7EF9D1D61EE67C76004495C9 /* DemoTableViewCell.m */; };
		7EF9D1D91EE67C84004495C9 /* DemoTableViewCell.xib in Resources */ = {isa = PBXBuildFile; fileRef = 7EF9D1D81EE67C84004495C9 /* DemoTableViewCell.xib */; };
		7EF9D1DC1EE67D7B004495C9 /* BaseModel.m in Sources */ = {isa = PBXBuildFile; fileRef = 7EF9D1DB1EE67D7B004495C9 /* BaseModel.m */; };
		D35ED90BAADB853B74235597 /* libPods-AppFramework.a in Frameworks */ = {isa = PBXBuildFile; fileRef = 5E21BB5C437355B117ED1887 /* libPods-AppFramework.a */; };
/* End PBXBuildFile section */

/* Begin PBXContainerItemProxy section */
		7E1742C31E615447002C2C6D /* PBXContainerItemProxy */ = {
			isa = PBXContainerItemProxy;
			containerPortal = 7E1742A11E615447002C2C6D /* Project object */;
			proxyType = 1;
			remoteGlobalIDString = 7E1742A81E615447002C2C6D;
			remoteInfo = AppFramework;
		};
		7E1742CE1E615447002C2C6D /* PBXContainerItemProxy */ = {
			isa = PBXContainerItemProxy;
			containerPortal = 7E1742A11E615447002C2C6D /* Project object */;
			proxyType = 1;
			remoteGlobalIDString = 7E1742A81E615447002C2C6D;
			remoteInfo = AppFramework;
		};
/* End PBXContainerItemProxy section */

/* Begin PBXFileReference section */
		372748B1113F776C0121E57A /* Pods-AppFramework.release.xcconfig */ = {isa = PBXFileReference; includeInIndex = 1; lastKnownFileType = text.xcconfig; name = "Pods-AppFramework.release.xcconfig"; path = "Pods/Target Support Files/Pods-AppFramework/Pods-AppFramework.release.xcconfig"; sourceTree = "<group>"; };
		5071B19DD107C127611CF0DA /* Pods-AppFramework.debug.xcconfig */ = {isa = PBXFileReference; includeInIndex = 1; lastKnownFileType = text.xcconfig; name = "Pods-AppFramework.debug.xcconfig"; path = "Pods/Target Support Files/Pods-AppFramework/Pods-AppFramework.debug.xcconfig"; sourceTree = "<group>"; };
		523E4ABC1E670A0A00573BA0 /* AFNetworkHelper.h */ = {isa = PBXFileReference; fileEncoding = 4; lastKnownFileType = sourcecode.c.h; path = AFNetworkHelper.h; sourceTree = "<group>"; };
		523E4ABD1E670A0A00573BA0 /* AFNetworkHelper.m */ = {isa = PBXFileReference; fileEncoding = 4; lastKnownFileType = sourcecode.c.objc; path = AFNetworkHelper.m; sourceTree = "<group>"; };
		523E4ABF1E670ACB00573BA0 /* PrefixHeader.pch */ = {isa = PBXFileReference; fileEncoding = 4; lastKnownFileType = sourcecode.c.h; path = PrefixHeader.pch; sourceTree = "<group>"; };
		523E4AC01E670BB800573BA0 /* NSObject+Parser.h */ = {isa = PBXFileReference; fileEncoding = 4; lastKnownFileType = sourcecode.c.h; path = "NSObject+Parser.h"; sourceTree = "<group>"; };
		523E4AC11E670BB800573BA0 /* NSObject+Parser.m */ = {isa = PBXFileReference; fileEncoding = 4; lastKnownFileType = sourcecode.c.objc; path = "NSObject+Parser.m"; sourceTree = "<group>"; };
		523E4AC31E670C8D00573BA0 /* Request.h */ = {isa = PBXFileReference; fileEncoding = 4; lastKnownFileType = sourcecode.c.h; path = Request.h; sourceTree = "<group>"; };
		523E4AC41E670C8D00573BA0 /* Request.m */ = {isa = PBXFileReference; fileEncoding = 4; lastKnownFileType = sourcecode.c.objc; path = Request.m; sourceTree = "<group>"; };
		5E21BB5C437355B117ED1887 /* libPods-AppFramework.a */ = {isa = PBXFileReference; explicitFileType = archive.ar; includeInIndex = 0; path = "libPods-AppFramework.a"; sourceTree = BUILT_PRODUCTS_DIR; };
		7E09DA331EDFF21200137D5B /* SKPaymetManager.h */ = {isa = PBXFileReference; fileEncoding = 4; lastKnownFileType = sourcecode.c.h; path = SKPaymetManager.h; sourceTree = "<group>"; };
		7E09DA341EDFF21200137D5B /* SKPaymetManager.m */ = {isa = PBXFileReference; fileEncoding = 4; lastKnownFileType = sourcecode.c.objc; path = SKPaymetManager.m; sourceTree = "<group>"; };
		7E0B34261EA60B740036B45F /* ConfigDefine.h */ = {isa = PBXFileReference; fileEncoding = 4; lastKnownFileType = sourcecode.c.h; path = ConfigDefine.h; sourceTree = "<group>"; };
		7E0B34271EA60B740036B45F /* ConfigDefine.m */ = {isa = PBXFileReference; fileEncoding = 4; lastKnownFileType = sourcecode.c.objc; path = ConfigDefine.m; sourceTree = "<group>"; };
		7E0CF9C41EADF62900102CDB /* UIImage+Custom.h */ = {isa = PBXFileReference; fileEncoding = 4; lastKnownFileType = sourcecode.c.h; path = "UIImage+Custom.h"; sourceTree = "<group>"; };
		7E0CF9C51EADF62900102CDB /* UIImage+Custom.m */ = {isa = PBXFileReference; fileEncoding = 4; lastKnownFileType = sourcecode.c.objc; path = "UIImage+Custom.m"; sourceTree = "<group>"; };
		7E0CF9C71EADFFE200102CDB /* test.gif */ = {isa = PBXFileReference; lastKnownFileType = image.gif; path = test.gif; sourceTree = "<group>"; };
		7E0CF9C91EAE024B00102CDB /* BaseWebViewController.h */ = {isa = PBXFileReference; fileEncoding = 4; lastKnownFileType = sourcecode.c.h; path = BaseWebViewController.h; sourceTree = "<group>"; };
		7E0CF9CA1EAE024B00102CDB /* BaseWebViewController.m */ = {isa = PBXFileReference; fileEncoding = 4; lastKnownFileType = sourcecode.c.objc; path = BaseWebViewController.m; sourceTree = "<group>"; };
		7E1742A91E615447002C2C6D /* AppFramework.app */ = {isa = PBXFileReference; explicitFileType = wrapper.application; includeInIndex = 0; path = AppFramework.app; sourceTree = BUILT_PRODUCTS_DIR; };
		7E1742AD1E615447002C2C6D /* main.m */ = {isa = PBXFileReference; lastKnownFileType = sourcecode.c.objc; path = main.m; sourceTree = "<group>"; };
		7E1742AF1E615447002C2C6D /* AppDelegate.h */ = {isa = PBXFileReference; lastKnownFileType = sourcecode.c.h; path = AppDelegate.h; sourceTree = "<group>"; };
		7E1742B01E615447002C2C6D /* AppDelegate.m */ = {isa = PBXFileReference; lastKnownFileType = sourcecode.c.objc; path = AppDelegate.m; sourceTree = "<group>"; };
		7E1742B21E615447002C2C6D /* ViewController.h */ = {isa = PBXFileReference; lastKnownFileType = sourcecode.c.h; path = ViewController.h; sourceTree = "<group>"; };
		7E1742B31E615447002C2C6D /* ViewController.m */ = {isa = PBXFileReference; lastKnownFileType = sourcecode.c.objc; path = ViewController.m; sourceTree = "<group>"; };
		7E1742B61E615447002C2C6D /* Base */ = {isa = PBXFileReference; lastKnownFileType = file.storyboard; name = Base; path = Base.lproj/Main.storyboard; sourceTree = "<group>"; };
		7E1742B81E615447002C2C6D /* Assets.xcassets */ = {isa = PBXFileReference; lastKnownFileType = folder.assetcatalog; path = Assets.xcassets; sourceTree = "<group>"; };
		7E1742BB1E615447002C2C6D /* Base */ = {isa = PBXFileReference; lastKnownFileType = file.storyboard; name = Base; path = Base.lproj/LaunchScreen.storyboard; sourceTree = "<group>"; };
		7E1742BD1E615447002C2C6D /* Info.plist */ = {isa = PBXFileReference; lastKnownFileType = text.plist.xml; path = Info.plist; sourceTree = "<group>"; };
		7E1742C21E615447002C2C6D /* AppFrameworkTests.xctest */ = {isa = PBXFileReference; explicitFileType = wrapper.cfbundle; includeInIndex = 0; path = AppFrameworkTests.xctest; sourceTree = BUILT_PRODUCTS_DIR; };
		7E1742CD1E615447002C2C6D /* AppFrameworkUITests.xctest */ = {isa = PBXFileReference; explicitFileType = wrapper.cfbundle; includeInIndex = 0; path = AppFrameworkUITests.xctest; sourceTree = BUILT_PRODUCTS_DIR; };
		7E1743131E61591E002C2C6D /* BaseNavigationController.h */ = {isa = PBXFileReference; fileEncoding = 4; lastKnownFileType = sourcecode.c.h; path = BaseNavigationController.h; sourceTree = "<group>"; };
		7E1743141E61591E002C2C6D /* BaseNavigationController.m */ = {isa = PBXFileReference; fileEncoding = 4; lastKnownFileType = sourcecode.c.objc; path = BaseNavigationController.m; sourceTree = "<group>"; };
		7E1743151E61591E002C2C6D /* BaseTabBarController.h */ = {isa = PBXFileReference; fileEncoding = 4; lastKnownFileType = sourcecode.c.h; path = BaseTabBarController.h; sourceTree = "<group>"; };
		7E1743161E61591E002C2C6D /* BaseTabBarController.m */ = {isa = PBXFileReference; fileEncoding = 4; lastKnownFileType = sourcecode.c.objc; path = BaseTabBarController.m; sourceTree = "<group>"; };
		7E1743171E61591E002C2C6D /* BaseTableViewCell.h */ = {isa = PBXFileReference; fileEncoding = 4; lastKnownFileType = sourcecode.c.h; path = BaseTableViewCell.h; sourceTree = "<group>"; };
		7E1743181E61591E002C2C6D /* BaseTableViewCell.m */ = {isa = PBXFileReference; fileEncoding = 4; lastKnownFileType = sourcecode.c.objc; path = BaseTableViewCell.m; sourceTree = "<group>"; };
		7E1743191E61591E002C2C6D /* BaseTableViewController.h */ = {isa = PBXFileReference; fileEncoding = 4; lastKnownFileType = sourcecode.c.h; path = BaseTableViewController.h; sourceTree = "<group>"; };
		7E17431A1E61591E002C2C6D /* BaseTableViewController.m */ = {isa = PBXFileReference; fileEncoding = 4; lastKnownFileType = sourcecode.c.objc; path = BaseTableViewController.m; sourceTree = "<group>"; };
		7E17431B1E61591E002C2C6D /* BaseViewController.h */ = {isa = PBXFileReference; fileEncoding = 4; lastKnownFileType = sourcecode.c.h; path = BaseViewController.h; sourceTree = "<group>"; };
		7E17431C1E61591E002C2C6D /* BaseViewController.m */ = {isa = PBXFileReference; fileEncoding = 4; lastKnownFileType = sourcecode.c.objc; path = BaseViewController.m; sourceTree = "<group>"; };
		7E17432A1E615AE9002C2C6D /* MethodDefine.h */ = {isa = PBXFileReference; lastKnownFileType = sourcecode.c.h; path = MethodDefine.h; sourceTree = "<group>"; };
		7E17432B1E615CE8002C2C6D /* URLDefine.h */ = {isa = PBXFileReference; lastKnownFileType = sourcecode.c.h; path = URLDefine.h; sourceTree = "<group>"; };
		7E1743311E616274002C2C6D /* NSTimer+Custom.h */ = {isa = PBXFileReference; fileEncoding = 4; lastKnownFileType = sourcecode.c.h; path = "NSTimer+Custom.h"; sourceTree = "<group>"; };
		7E1743321E616274002C2C6D /* NSTimer+Custom.m */ = {isa = PBXFileReference; fileEncoding = 4; lastKnownFileType = sourcecode.c.objc; path = "NSTimer+Custom.m"; sourceTree = "<group>"; };
		7E1743371E616837002C2C6D /* UIAlertController+Custom.h */ = {isa = PBXFileReference; fileEncoding = 4; lastKnownFileType = sourcecode.c.h; path = "UIAlertController+Custom.h"; sourceTree = "<group>"; };
		7E1743381E616837002C2C6D /* UIAlertController+Custom.m */ = {isa = PBXFileReference; fileEncoding = 4; lastKnownFileType = sourcecode.c.objc; path = "UIAlertController+Custom.m"; sourceTree = "<group>"; };
		7E17433A1E616892002C2C6D /* NSDate+Custom.h */ = {isa = PBXFileReference; fileEncoding = 4; lastKnownFileType = sourcecode.c.h; path = "NSDate+Custom.h"; sourceTree = "<group>"; };
		7E17433B1E616892002C2C6D /* NSDate+Custom.m */ = {isa = PBXFileReference; fileEncoding = 4; lastKnownFileType = sourcecode.c.objc; path = "NSDate+Custom.m"; sourceTree = "<group>"; };
		7E1975EC1E94B95400954869 /* AppDelegate+Notification.h */ = {isa = PBXFileReference; fileEncoding = 4; lastKnownFileType = sourcecode.c.h; path = "AppDelegate+Notification.h"; sourceTree = "<group>"; };
		7E1975ED1E94B95400954869 /* AppDelegate+Notification.m */ = {isa = PBXFileReference; fileEncoding = 4; lastKnownFileType = sourcecode.c.objc; path = "AppDelegate+Notification.m"; sourceTree = "<group>"; };
		7E1975EF1E94B95400954869 /* UpdateManager.h */ = {isa = PBXFileReference; fileEncoding = 4; lastKnownFileType = sourcecode.c.h; path = UpdateManager.h; sourceTree = "<group>"; };
		7E1975F01E94B95500954869 /* UpdateManager.m */ = {isa = PBXFileReference; fileEncoding = 4; lastKnownFileType = sourcecode.c.objc; path = UpdateManager.m; sourceTree = "<group>"; };
		7E1975F21E94B95500954869 /* UserData.h */ = {isa = PBXFileReference; fileEncoding = 4; lastKnownFileType = sourcecode.c.h; path = UserData.h; sourceTree = "<group>"; };
		7E1975F31E94B95500954869 /* UserData.m */ = {isa = PBXFileReference; fileEncoding = 4; lastKnownFileType = sourcecode.c.objc; path = UserData.m; sourceTree = "<group>"; };
		7E1976371E94DD3500954869 /* AudioTool.h */ = {isa = PBXFileReference; fileEncoding = 4; lastKnownFileType = sourcecode.c.h; name = AudioTool.h; path = AudioTool/AudioTool.h; sourceTree = "<group>"; };
		7E1976381E94DD3500954869 /* AudioTool.m */ = {isa = PBXFileReference; fileEncoding = 4; lastKnownFileType = sourcecode.c.objc; name = AudioTool.m; path = AudioTool/AudioTool.m; sourceTree = "<group>"; };
		7E19763A1E94E38800954869 /* local@2x.png */ = {isa = PBXFileReference; lastKnownFileType = image.png; path = "local@2x.png"; sourceTree = "<group>"; };
		7E1D28701EE8362F0088095C /* VideoToolView.h */ = {isa = PBXFileReference; fileEncoding = 4; lastKnownFileType = sourcecode.c.h; path = VideoToolView.h; sourceTree = "<group>"; };
		7E1D28711EE8362F0088095C /* VideoToolView.m */ = {isa = PBXFileReference; fileEncoding = 4; lastKnownFileType = sourcecode.c.objc; path = VideoToolView.m; sourceTree = "<group>"; };
		7E2CE6861EF502CE0092EDC5 /* VideoKit.bundle */ = {isa = PBXFileReference; lastKnownFileType = "wrapper.plug-in"; path = VideoKit.bundle; sourceTree = "<group>"; };
		7E39FBEA1E8F8DC200E5029D /* AppDefine.h */ = {isa = PBXFileReference; lastKnownFileType = sourcecode.c.h; path = AppDefine.h; sourceTree = "<group>"; };
		7E39FBEB1E8F92C900E5029D /* IMGScaleView.h */ = {isa = PBXFileReference; fileEncoding = 4; lastKnownFileType = sourcecode.c.h; path = IMGScaleView.h; sourceTree = "<group>"; };
		7E39FBEC1E8F92C900E5029D /* IMGScaleView.m */ = {isa = PBXFileReference; fileEncoding = 4; lastKnownFileType = sourcecode.c.objc; path = IMGScaleView.m; sourceTree = "<group>"; };
		7E420DB21EE571C3005BFB83 /* IMConversationViewController.h */ = {isa = PBXFileReference; fileEncoding = 4; lastKnownFileType = sourcecode.c.h; path = IMConversationViewController.h; sourceTree = "<group>"; };
		7E420DB31EE571C3005BFB83 /* IMConversationViewController.m */ = {isa = PBXFileReference; fileEncoding = 4; lastKnownFileType = sourcecode.c.objc; path = IMConversationViewController.m; sourceTree = "<group>"; };
		7E420DB81EE573C2005BFB83 /* IMMessageBaseCell.h */ = {isa = PBXFileReference; fileEncoding = 4; lastKnownFileType = sourcecode.c.h; path = IMMessageBaseCell.h; sourceTree = "<group>"; };
		7E420DB91EE573C2005BFB83 /* IMMessageBaseCell.m */ = {isa = PBXFileReference; fileEncoding = 4; lastKnownFileType = sourcecode.c.objc; path = IMMessageBaseCell.m; sourceTree = "<group>"; };
		7E420DBB1EE574EF005BFB83 /* IMConfig.h */ = {isa = PBXFileReference; lastKnownFileType = sourcecode.c.h; path = IMConfig.h; sourceTree = "<group>"; };
		7E420DBC1EE57536005BFB83 /* IMMessageModel.h */ = {isa = PBXFileReference; fileEncoding = 4; lastKnownFileType = sourcecode.c.h; path = IMMessageModel.h; sourceTree = "<group>"; };
		7E420DBD1EE57536005BFB83 /* IMMessageModel.m */ = {isa = PBXFileReference; fileEncoding = 4; lastKnownFileType = sourcecode.c.objc; path = IMMessageModel.m; sourceTree = "<group>"; };
		7E5804E11E9613B800D5DAF7 /* test.mp3 */ = {isa = PBXFileReference; lastKnownFileType = audio.mp3; path = test.mp3; sourceTree = "<group>"; };
		7E6DD9961EA498BF00B16579 /* DBManager.h */ = {isa = PBXFileReference; fileEncoding = 4; lastKnownFileType = sourcecode.c.h; path = DBManager.h; sourceTree = "<group>"; };
		7E6DD9971EA498BF00B16579 /* DBManager.m */ = {isa = PBXFileReference; fileEncoding = 4; lastKnownFileType = sourcecode.c.objc; path = DBManager.m; sourceTree = "<group>"; };
		7E6DD9991EA4993300B16579 /* DBTool.h */ = {isa = PBXFileReference; fileEncoding = 4; lastKnownFileType = sourcecode.c.h; path = DBTool.h; sourceTree = "<group>"; };
		7E6DD99A1EA4993300B16579 /* DBTool.m */ = {isa = PBXFileReference; fileEncoding = 4; lastKnownFileType = sourcecode.c.objc; path = DBTool.m; sourceTree = "<group>"; };
		7E6DD99C1EA49DB500B16579 /* libsqlite3.0.tbd */ = {isa = PBXFileReference; lastKnownFileType = "sourcecode.text-based-dylib-definition"; name = libsqlite3.0.tbd; path = usr/lib/libsqlite3.0.tbd; sourceTree = SDKROOT; };
		7ED6F6B91E8E6E5B003BAE58 /* File.txt */ = {isa = PBXFileReference; fileEncoding = 4; lastKnownFileType = text; path = File.txt; sourceTree = "<group>"; };
		7EDC1AA31EAED7CA00516756 /* NavigationView.h */ = {isa = PBXFileReference; fileEncoding = 4; lastKnownFileType = sourcecode.c.h; path = NavigationView.h; sourceTree = "<group>"; };
		7EDC1AA41EAED7CA00516756 /* NavigationView.m */ = {isa = PBXFileReference; fileEncoding = 4; lastKnownFileType = sourcecode.c.objc; path = NavigationView.m; sourceTree = "<group>"; };
		7EDC1AA91EAEE99200516756 /* UIControl+Button.h */ = {isa = PBXFileReference; fileEncoding = 4; lastKnownFileType = sourcecode.c.h; path = "UIControl+Button.h"; sourceTree = "<group>"; };
		7EDC1AAA1EAEE99200516756 /* UIControl+Button.m */ = {isa = PBXFileReference; fileEncoding = 4; lastKnownFileType = sourcecode.c.objc; path = "UIControl+Button.m"; sourceTree = "<group>"; };
		7EDC1AAC1EAEEA6400516756 /* NSString+MD5.h */ = {isa = PBXFileReference; fileEncoding = 4; lastKnownFileType = sourcecode.c.h; path = "NSString+MD5.h"; sourceTree = "<group>"; };
		7EDC1AAD1EAEEA6400516756 /* NSString+MD5.m */ = {isa = PBXFileReference; fileEncoding = 4; lastKnownFileType = sourcecode.c.objc; path = "NSString+MD5.m"; sourceTree = "<group>"; };
		7EDC1AAE1EAEEA6400516756 /* NSString+Validate.h */ = {isa = PBXFileReference; fileEncoding = 4; lastKnownFileType = sourcecode.c.h; path = "NSString+Validate.h"; sourceTree = "<group>"; };
		7EDC1AAF1EAEEA6400516756 /* NSString+Validate.m */ = {isa = PBXFileReference; fileEncoding = 4; lastKnownFileType = sourcecode.c.objc; path = "NSString+Validate.m"; sourceTree = "<group>"; };
		7EE02B9E1ED689E50097A0F5 /* MKQRCode.h */ = {isa = PBXFileReference; fileEncoding = 4; lastKnownFileType = sourcecode.c.h; path = MKQRCode.h; sourceTree = "<group>"; };
		7EE02B9F1ED689E50097A0F5 /* MKQRCode.m */ = {isa = PBXFileReference; fileEncoding = 4; lastKnownFileType = sourcecode.c.objc; path = MKQRCode.m; sourceTree = "<group>"; };
		7EF44CE51EE6941A00EEDD1E /* UIView+custom.h */ = {isa = PBXFileReference; fileEncoding = 4; lastKnownFileType = sourcecode.c.h; path = "UIView+custom.h"; sourceTree = "<group>"; };
		7EF44CE61EE6941A00EEDD1E /* UIView+custom.m */ = {isa = PBXFileReference; fileEncoding = 4; lastKnownFileType = sourcecode.c.objc; path = "UIView+custom.m"; sourceTree = "<group>"; };
		7EF44CE91EE6A0D300EEDD1E /* TouchIDTool.h */ = {isa = PBXFileReference; fileEncoding = 4; lastKnownFileType = sourcecode.c.h; path = TouchIDTool.h; sourceTree = "<group>"; };
		7EF44CEA1EE6A0D300EEDD1E /* TouchIDTool.m */ = {isa = PBXFileReference; fileEncoding = 4; lastKnownFileType = sourcecode.c.objc; path = TouchIDTool.m; sourceTree = "<group>"; };
		7EF44CF11EE6B47C00EEDD1E /* DemoTestViewController.h */ = {isa = PBXFileReference; fileEncoding = 4; lastKnownFileType = sourcecode.c.h; path = DemoTestViewController.h; sourceTree = "<group>"; };
		7EF44CF21EE6B47C00EEDD1E /* DemoTestViewController.m */ = {isa = PBXFileReference; fileEncoding = 4; lastKnownFileType = sourcecode.c.objc; path = DemoTestViewController.m; sourceTree = "<group>"; };
		7EF44CF51EE6B86900EEDD1E /* VideoPlayerView.h */ = {isa = PBXFileReference; fileEncoding = 4; lastKnownFileType = sourcecode.c.h; path = VideoPlayerView.h; sourceTree = "<group>"; };
		7EF44CF61EE6B86900EEDD1E /* VideoPlayerView.m */ = {isa = PBXFileReference; fileEncoding = 4; lastKnownFileType = sourcecode.c.objc; path = VideoPlayerView.m; sourceTree = "<group>"; };
		7EF44CF91EE6C0F000EEDD1E /* test.mp4 */ = {isa = PBXFileReference; lastKnownFileType = file; path = test.mp4; sourceTree = "<group>"; };
		7EF9D1D21EE67BFF004495C9 /* DemoViewController.h */ = {isa = PBXFileReference; fileEncoding = 4; lastKnownFileType = sourcecode.c.h; path = DemoViewController.h; sourceTree = "<group>"; };
		7EF9D1D31EE67BFF004495C9 /* DemoViewController.m */ = {isa = PBXFileReference; fileEncoding = 4; lastKnownFileType = sourcecode.c.objc; path = DemoViewController.m; sourceTree = "<group>"; };
		7EF9D1D51EE67C76004495C9 /* DemoTableViewCell.h */ = {isa = PBXFileReference; fileEncoding = 4; lastKnownFileType = sourcecode.c.h; path = DemoTableViewCell.h; sourceTree = "<group>"; };
		7EF9D1D61EE67C76004495C9 /* DemoTableViewCell.m */ = {isa = PBXFileReference; fileEncoding = 4; lastKnownFileType = sourcecode.c.objc; path = DemoTableViewCell.m; sourceTree = "<group>"; };
		7EF9D1D81EE67C84004495C9 /* DemoTableViewCell.xib */ = {isa = PBXFileReference; fileEncoding = 4; lastKnownFileType = file.xib; path = DemoTableViewCell.xib; sourceTree = "<group>"; };
		7EF9D1DA1EE67D7B004495C9 /* BaseModel.h */ = {isa = PBXFileReference; fileEncoding = 4; lastKnownFileType = sourcecode.c.h; name = BaseModel.h; path = Modules/Demo/BaseModel.h; sourceTree = SOURCE_ROOT; };
		7EF9D1DB1EE67D7B004495C9 /* BaseModel.m */ = {isa = PBXFileReference; fileEncoding = 4; lastKnownFileType = sourcecode.c.objc; name = BaseModel.m; path = Modules/Demo/BaseModel.m; sourceTree = SOURCE_ROOT; };
/* End PBXFileReference section */

/* Begin PBXFrameworksBuildPhase section */
		7E1742A61E615447002C2C6D /* Frameworks */ = {
			isa = PBXFrameworksBuildPhase;
			buildActionMask = 2147483647;
			files = (
				7E6DD99D1EA49DB500B16579 /* libsqlite3.0.tbd in Frameworks */,
				D35ED90BAADB853B74235597 /* libPods-AppFramework.a in Frameworks */,
			);
			runOnlyForDeploymentPostprocessing = 0;
		};
		7E1742BF1E615447002C2C6D /* Frameworks */ = {
			isa = PBXFrameworksBuildPhase;
			buildActionMask = 2147483647;
			files = (
			);
			runOnlyForDeploymentPostprocessing = 0;
		};
		7E1742CA1E615447002C2C6D /* Frameworks */ = {
			isa = PBXFrameworksBuildPhase;
			buildActionMask = 2147483647;
			files = (
			);
			runOnlyForDeploymentPostprocessing = 0;
		};
/* End PBXFrameworksBuildPhase section */

/* Begin PBXGroup section */
		33E6A87F6BB0BB931D524BBA /* Frameworks */ = {
			isa = PBXGroup;
			children = (
				7E6DD99C1EA49DB500B16579 /* libsqlite3.0.tbd */,
				5E21BB5C437355B117ED1887 /* libPods-AppFramework.a */,
			);
			name = Frameworks;
			sourceTree = "<group>";
		};
		640909A62F109860EDDAF89E /* Pods */ = {
			isa = PBXGroup;
			children = (
				5071B19DD107C127611CF0DA /* Pods-AppFramework.debug.xcconfig */,
				372748B1113F776C0121E57A /* Pods-AppFramework.release.xcconfig */,
			);
			name = Pods;
			sourceTree = "<group>";
		};
		7E09DA321EDFF21200137D5B /* ApplePay */ = {
			isa = PBXGroup;
			children = (
				7E09DA331EDFF21200137D5B /* SKPaymetManager.h */,
				7E09DA341EDFF21200137D5B /* SKPaymetManager.m */,
			);
			path = ApplePay;
			sourceTree = "<group>";
		};
		7E1742A01E615447002C2C6D = {
			isa = PBXGroup;
			children = (
				7EDC1B1C1EAF43E000516756 /* Modules */,
				7E1743111E61591E002C2C6D /* Resource */,
				7E1742AB1E615447002C2C6D /* AppFramework */,
				7E1742AA1E615447002C2C6D /* Products */,
				640909A62F109860EDDAF89E /* Pods */,
				33E6A87F6BB0BB931D524BBA /* Frameworks */,
			);
			sourceTree = "<group>";
		};
		7E1742AA1E615447002C2C6D /* Products */ = {
			isa = PBXGroup;
			children = (
				7E1742A91E615447002C2C6D /* AppFramework.app */,
				7E1742C21E615447002C2C6D /* AppFrameworkTests.xctest */,
				7E1742CD1E615447002C2C6D /* AppFrameworkUITests.xctest */,
			);
			name = Products;
			sourceTree = "<group>";
		};
		7E1742AB1E615447002C2C6D /* AppFramework */ = {
			isa = PBXGroup;
			children = (
				7E1742AF1E615447002C2C6D /* AppDelegate.h */,
				7E1742B01E615447002C2C6D /* AppDelegate.m */,
				7E1742B21E615447002C2C6D /* ViewController.h */,
				7E1742B31E615447002C2C6D /* ViewController.m */,
				7E1742B51E615447002C2C6D /* Main.storyboard */,
				7E1742B81E615447002C2C6D /* Assets.xcassets */,
				7E1742BA1E615447002C2C6D /* LaunchScreen.storyboard */,
				7E1742BD1E615447002C2C6D /* Info.plist */,
				7E1742AC1E615447002C2C6D /* Supporting Files */,
				7ED6F6B91E8E6E5B003BAE58 /* File.txt */,
			);
			path = AppFramework;
			sourceTree = "<group>";
		};
		7E1742AC1E615447002C2C6D /* Supporting Files */ = {
			isa = PBXGroup;
			children = (
				7E1742AD1E615447002C2C6D /* main.m */,
				523E4ABF1E670ACB00573BA0 /* PrefixHeader.pch */,
			);
			name = "Supporting Files";
			sourceTree = "<group>";
		};
		7E1743111E61591E002C2C6D /* Resource */ = {
			isa = PBXGroup;
			children = (
				7EF44CF91EE6C0F000EEDD1E /* test.mp4 */,
				7E0CF9C71EADFFE200102CDB /* test.gif */,
				7E19763A1E94E38800954869 /* local@2x.png */,
				7E5804E11E9613B800D5DAF7 /* test.mp3 */,
				7E9850841E67DD46008410DF /* Model */,
				7E1743121E61591E002C2C6D /* BaseClass */,
				7E17431D1E61591E002C2C6D /* Catory */,
				7E17431E1E61591E002C2C6D /* Control */,
				7E17431F1E61591E002C2C6D /* Define */,
				7E1743201E61591E002C2C6D /* Network */,
				7E1743211E61591E002C2C6D /* Tools */,
			);
			path = Resource;
			sourceTree = "<group>";
		};
		7E1743121E61591E002C2C6D /* BaseClass */ = {
			isa = PBXGroup;
			children = (
				7E17431B1E61591E002C2C6D /* BaseViewController.h */,
				7E17431C1E61591E002C2C6D /* BaseViewController.m */,
				7E1743191E61591E002C2C6D /* BaseTableViewController.h */,
				7E17431A1E61591E002C2C6D /* BaseTableViewController.m */,
				7E0CF9C91EAE024B00102CDB /* BaseWebViewController.h */,
				7E0CF9CA1EAE024B00102CDB /* BaseWebViewController.m */,
				7E1743131E61591E002C2C6D /* BaseNavigationController.h */,
				7E1743141E61591E002C2C6D /* BaseNavigationController.m */,
				7E1743151E61591E002C2C6D /* BaseTabBarController.h */,
				7E1743161E61591E002C2C6D /* BaseTabBarController.m */,
				7E1743171E61591E002C2C6D /* BaseTableViewCell.h */,
				7E1743181E61591E002C2C6D /* BaseTableViewCell.m */,
			);
			path = BaseClass;
			sourceTree = "<group>";
		};
		7E17431D1E61591E002C2C6D /* Catory */ = {
			isa = PBXGroup;
			children = (
				7EF44CE51EE6941A00EEDD1E /* UIView+custom.h */,
				7EF44CE61EE6941A00EEDD1E /* UIView+custom.m */,
				7EDC1AAC1EAEEA6400516756 /* NSString+MD5.h */,
				7EDC1AAD1EAEEA6400516756 /* NSString+MD5.m */,
				7EDC1AAE1EAEEA6400516756 /* NSString+Validate.h */,
				7EDC1AAF1EAEEA6400516756 /* NSString+Validate.m */,
				7EDC1AA91EAEE99200516756 /* UIControl+Button.h */,
				7EDC1AAA1EAEE99200516756 /* UIControl+Button.m */,
				523E4AC01E670BB800573BA0 /* NSObject+Parser.h */,
				523E4AC11E670BB800573BA0 /* NSObject+Parser.m */,
				7E17433A1E616892002C2C6D /* NSDate+Custom.h */,
				7E17433B1E616892002C2C6D /* NSDate+Custom.m */,
				7E1743311E616274002C2C6D /* NSTimer+Custom.h */,
				7E1743321E616274002C2C6D /* NSTimer+Custom.m */,
				7E0CF9C41EADF62900102CDB /* UIImage+Custom.h */,
				7E0CF9C51EADF62900102CDB /* UIImage+Custom.m */,
			);
			path = Catory;
			sourceTree = "<group>";
		};
		7E17431E1E61591E002C2C6D /* Control */ = {
			isa = PBXGroup;
			children = (
				7E39FBEB1E8F92C900E5029D /* IMGScaleView.h */,
				7E39FBEC1E8F92C900E5029D /* IMGScaleView.m */,
				7E1743371E616837002C2C6D /* UIAlertController+Custom.h */,
				7E1743381E616837002C2C6D /* UIAlertController+Custom.m */,
				7EDC1AA31EAED7CA00516756 /* NavigationView.h */,
				7EDC1AA41EAED7CA00516756 /* NavigationView.m */,
			);
			path = Control;
			sourceTree = "<group>";
		};
		7E17431F1E61591E002C2C6D /* Define */ = {
			isa = PBXGroup;
			children = (
				7E17432A1E615AE9002C2C6D /* MethodDefine.h */,
				7E17432B1E615CE8002C2C6D /* URLDefine.h */,
				7E39FBEA1E8F8DC200E5029D /* AppDefine.h */,
				7E0B34261EA60B740036B45F /* ConfigDefine.h */,
				7E0B34271EA60B740036B45F /* ConfigDefine.m */,
			);
			path = Define;
			sourceTree = "<group>";
		};
		7E1743201E61591E002C2C6D /* Network */ = {
			isa = PBXGroup;
			children = (
				523E4ABC1E670A0A00573BA0 /* AFNetworkHelper.h */,
				523E4ABD1E670A0A00573BA0 /* AFNetworkHelper.m */,
				523E4AC31E670C8D00573BA0 /* Request.h */,
				523E4AC41E670C8D00573BA0 /* Request.m */,
			);
			path = Network;
			sourceTree = "<group>";
		};
		7E1743211E61591E002C2C6D /* Tools */ = {
			isa = PBXGroup;
			children = (
				7EF44CF41EE6B86900EEDD1E /* VideoKit */,
				7EF44CE81EE6A0C200EEDD1E /* TouchID */,
				7E420DB11EE57189005BFB83 /* IMKit */,
				7E09DA321EDFF21200137D5B /* ApplePay */,
				7EE02B9D1ED689E50097A0F5 /* QRCode */,
				7E6DD9921EA498A400B16579 /* SqliteManager */,
				7E1975F71E94B95F00954869 /* AudioTool */,
				7E1975EB1E94B95400954869 /* Notification */,
				7E1975EE1E94B95400954869 /* Update */,
				7E1975F11E94B95500954869 /* UserData */,
			);
			path = Tools;
			sourceTree = "<group>";
		};
		7E1975EB1E94B95400954869 /* Notification */ = {
			isa = PBXGroup;
			children = (
				7E1975EC1E94B95400954869 /* AppDelegate+Notification.h */,
				7E1975ED1E94B95400954869 /* AppDelegate+Notification.m */,
			);
			path = Notification;
			sourceTree = "<group>";
		};
		7E1975EE1E94B95400954869 /* Update */ = {
			isa = PBXGroup;
			children = (
				7E1975EF1E94B95400954869 /* UpdateManager.h */,
				7E1975F01E94B95500954869 /* UpdateManager.m */,
			);
			path = Update;
			sourceTree = "<group>";
		};
		7E1975F11E94B95500954869 /* UserData */ = {
			isa = PBXGroup;
			children = (
				7E1975F21E94B95500954869 /* UserData.h */,
				7E1975F31E94B95500954869 /* UserData.m */,
			);
			path = UserData;
			sourceTree = "<group>";
		};
		7E1975F71E94B95F00954869 /* AudioTool */ = {
			isa = PBXGroup;
			children = (
				7E1976371E94DD3500954869 /* AudioTool.h */,
				7E1976381E94DD3500954869 /* AudioTool.m */,
			);
			name = AudioTool;
			sourceTree = "<group>";
		};
		7E420DB11EE57189005BFB83 /* IMKit */ = {
			isa = PBXGroup;
			children = (
				7E420DB21EE571C3005BFB83 /* IMConversationViewController.h */,
				7E420DB31EE571C3005BFB83 /* IMConversationViewController.m */,
				7E420DB81EE573C2005BFB83 /* IMMessageBaseCell.h */,
				7E420DB91EE573C2005BFB83 /* IMMessageBaseCell.m */,
				7E420DBB1EE574EF005BFB83 /* IMConfig.h */,
				7E420DBC1EE57536005BFB83 /* IMMessageModel.h */,
				7E420DBD1EE57536005BFB83 /* IMMessageModel.m */,
			);
			path = IMKit;
			sourceTree = "<group>";
		};
		7E6DD9921EA498A400B16579 /* SqliteManager */ = {
			isa = PBXGroup;
			children = (
				7E6DD9961EA498BF00B16579 /* DBManager.h */,
				7E6DD9971EA498BF00B16579 /* DBManager.m */,
				7E6DD9991EA4993300B16579 /* DBTool.h */,
				7E6DD99A1EA4993300B16579 /* DBTool.m */,
			);
			path = SqliteManager;
			sourceTree = "<group>";
		};
		7E9850841E67DD46008410DF /* Model */ = {
			isa = PBXGroup;
			children = (
				7EF9D1DA1EE67D7B004495C9 /* BaseModel.h */,
				7EF9D1DB1EE67D7B004495C9 /* BaseModel.m */,
			);
			path = Model;
			sourceTree = "<group>";
		};
		7EDC1B1C1EAF43E000516756 /* Modules */ = {
			isa = PBXGroup;
			children = (
				7EF9D1D11EE67BFF004495C9 /* Demo */,
			);
			path = Modules;
			sourceTree = "<group>";
		};
		7EE02B9D1ED689E50097A0F5 /* QRCode */ = {
			isa = PBXGroup;
			children = (
				7EE02B9E1ED689E50097A0F5 /* MKQRCode.h */,
				7EE02B9F1ED689E50097A0F5 /* MKQRCode.m */,
			);
			path = QRCode;
			sourceTree = "<group>";
		};
		7EF44CE81EE6A0C200EEDD1E /* TouchID */ = {
			isa = PBXGroup;
			children = (
				7EF44CE91EE6A0D300EEDD1E /* TouchIDTool.h */,
				7EF44CEA1EE6A0D300EEDD1E /* TouchIDTool.m */,
			);
			path = TouchID;
			sourceTree = "<group>";
		};
		7EF44CF41EE6B86900EEDD1E /* VideoKit */ = {
			isa = PBXGroup;
			children = (
				7E2CE6861EF502CE0092EDC5 /* VideoKit.bundle */,
				7EF44CF51EE6B86900EEDD1E /* VideoPlayerView.h */,
				7EF44CF61EE6B86900EEDD1E /* VideoPlayerView.m */,
				7E1D28701EE8362F0088095C /* VideoToolView.h */,
				7E1D28711EE8362F0088095C /* VideoToolView.m */,
			);
			path = VideoKit;
			sourceTree = "<group>";
		};
		7EF9D1D11EE67BFF004495C9 /* Demo */ = {
			isa = PBXGroup;
			children = (
				7EF9D1D21EE67BFF004495C9 /* DemoViewController.h */,
				7EF9D1D31EE67BFF004495C9 /* DemoViewController.m */,
				7EF9D1D51EE67C76004495C9 /* DemoTableViewCell.h */,
				7EF9D1D61EE67C76004495C9 /* DemoTableViewCell.m */,
				7EF9D1D81EE67C84004495C9 /* DemoTableViewCell.xib */,
				7EF44CF11EE6B47C00EEDD1E /* DemoTestViewController.h */,
				7EF44CF21EE6B47C00EEDD1E /* DemoTestViewController.m */,
			);
			path = Demo;
			sourceTree = "<group>";
		};
/* End PBXGroup section */

/* Begin PBXNativeTarget section */
		7E1742A81E615447002C2C6D /* AppFramework */ = {
			isa = PBXNativeTarget;
			buildConfigurationList = 7E1742D61E615447002C2C6D /* Build configuration list for PBXNativeTarget "AppFramework" */;
			buildPhases = (
				10A8AADA62C0F331AB7DCFDA /* [CP] Check Pods Manifest.lock */,
				7E1742A51E615447002C2C6D /* Sources */,
				7E1742A61E615447002C2C6D /* Frameworks */,
				7E1742A71E615447002C2C6D /* Resources */,
				4003AA730B8840BDD02A7BB9 /* [CP] Embed Pods Frameworks */,
				2240CF7D2E00814198890F36 /* [CP] Copy Pods Resources */,
			);
			buildRules = (
			);
			dependencies = (
			);
			name = AppFramework;
			productName = AppFramework;
			productReference = 7E1742A91E615447002C2C6D /* AppFramework.app */;
			productType = "com.apple.product-type.application";
		};
		7E1742C11E615447002C2C6D /* AppFrameworkTests */ = {
			isa = PBXNativeTarget;
			buildConfigurationList = 7E1742D91E615447002C2C6D /* Build configuration list for PBXNativeTarget "AppFrameworkTests" */;
			buildPhases = (
				7E1742BE1E615447002C2C6D /* Sources */,
				7E1742BF1E615447002C2C6D /* Frameworks */,
				7E1742C01E615447002C2C6D /* Resources */,
			);
			buildRules = (
			);
			dependencies = (
				7E1742C41E615447002C2C6D /* PBXTargetDependency */,
			);
			name = AppFrameworkTests;
			productName = AppFrameworkTests;
			productReference = 7E1742C21E615447002C2C6D /* AppFrameworkTests.xctest */;
			productType = "com.apple.product-type.bundle.unit-test";
		};
		7E1742CC1E615447002C2C6D /* AppFrameworkUITests */ = {
			isa = PBXNativeTarget;
			buildConfigurationList = 7E1742DC1E615447002C2C6D /* Build configuration list for PBXNativeTarget "AppFrameworkUITests" */;
			buildPhases = (
				7E1742C91E615447002C2C6D /* Sources */,
				7E1742CA1E615447002C2C6D /* Frameworks */,
				7E1742CB1E615447002C2C6D /* Resources */,
			);
			buildRules = (
			);
			dependencies = (
				7E1742CF1E615447002C2C6D /* PBXTargetDependency */,
			);
			name = AppFrameworkUITests;
			productName = AppFrameworkUITests;
			productReference = 7E1742CD1E615447002C2C6D /* AppFrameworkUITests.xctest */;
			productType = "com.apple.product-type.bundle.ui-testing";
		};
/* End PBXNativeTarget section */

/* Begin PBXProject section */
		7E1742A11E615447002C2C6D /* Project object */ = {
			isa = PBXProject;
			attributes = {
				CLASSPREFIX = ZH;
				LastUpgradeCheck = 0820;
				ORGANIZATIONNAME = yunshan;
				TargetAttributes = {
					7E1742A81E615447002C2C6D = {
						CreatedOnToolsVersion = 8.2.1;
						DevelopmentTeam = 8F8HDAXHUL;
						ProvisioningStyle = Automatic;
					};
					7E1742C11E615447002C2C6D = {
						CreatedOnToolsVersion = 8.2.1;
						DevelopmentTeam = 65NXQ3JZD2;
						ProvisioningStyle = Automatic;
						TestTargetID = 7E1742A81E615447002C2C6D;
					};
					7E1742CC1E615447002C2C6D = {
						CreatedOnToolsVersion = 8.2.1;
						DevelopmentTeam = 65NXQ3JZD2;
						ProvisioningStyle = Automatic;
						TestTargetID = 7E1742A81E615447002C2C6D;
					};
				};
			};
			buildConfigurationList = 7E1742A41E615447002C2C6D /* Build configuration list for PBXProject "AppFramework" */;
			compatibilityVersion = "Xcode 3.2";
			developmentRegion = English;
			hasScannedForEncodings = 0;
			knownRegions = (
				en,
				Base,
			);
			mainGroup = 7E1742A01E615447002C2C6D;
			productRefGroup = 7E1742AA1E615447002C2C6D /* Products */;
			projectDirPath = "";
			projectRoot = "";
			targets = (
				7E1742A81E615447002C2C6D /* AppFramework */,
				7E1742C11E615447002C2C6D /* AppFrameworkTests */,
				7E1742CC1E615447002C2C6D /* AppFrameworkUITests */,
			);
		};
/* End PBXProject section */

/* Begin PBXResourcesBuildPhase section */
		7E1742A71E615447002C2C6D /* Resources */ = {
			isa = PBXResourcesBuildPhase;
			buildActionMask = 2147483647;
			files = (
				7ED6F6BA1E8E6E5B003BAE58 /* File.txt in Resources */,
				7E1742BC1E615447002C2C6D /* LaunchScreen.storyboard in Resources */,
				7E19763B1E94E38800954869 /* local@2x.png in Resources */,
				7E1742B91E615447002C2C6D /* Assets.xcassets in Resources */,
				7E2CE6871EF502CE0092EDC5 /* VideoKit.bundle in Resources */,
				7E5804E21E9613B800D5DAF7 /* test.mp3 in Resources */,
				7E0CF9C81EADFFE200102CDB /* test.gif in Resources */,
				7EF9D1D91EE67C84004495C9 /* DemoTableViewCell.xib in Resources */,
				7EF44CFA1EE6C0F000EEDD1E /* test.mp4 in Resources */,
				7E1742B71E615447002C2C6D /* Main.storyboard in Resources */,
			);
			runOnlyForDeploymentPostprocessing = 0;
		};
		7E1742C01E615447002C2C6D /* Resources */ = {
			isa = PBXResourcesBuildPhase;
			buildActionMask = 2147483647;
			files = (
			);
			runOnlyForDeploymentPostprocessing = 0;
		};
		7E1742CB1E615447002C2C6D /* Resources */ = {
			isa = PBXResourcesBuildPhase;
			buildActionMask = 2147483647;
			files = (
			);
			runOnlyForDeploymentPostprocessing = 0;
		};
/* End PBXResourcesBuildPhase section */

/* Begin PBXShellScriptBuildPhase section */
		10A8AADA62C0F331AB7DCFDA /* [CP] Check Pods Manifest.lock */ = {
			isa = PBXShellScriptBuildPhase;
			buildActionMask = 2147483647;
			files = (
			);
			inputPaths = (
			);
			name = "[CP] Check Pods Manifest.lock";
			outputPaths = (
			);
			runOnlyForDeploymentPostprocessing = 0;
			shellPath = /bin/sh;
			shellScript = "diff \"${PODS_PODFILE_DIR_PATH}/Podfile.lock\" \"${PODS_ROOT}/Manifest.lock\" > /dev/null\nif [ $? != 0 ] ; then\n    # print error to STDERR\n    echo \"error: The sandbox is not in sync with the Podfile.lock. Run 'pod install' or update your CocoaPods installation.\" >&2\n    exit 1\nfi\n";
			showEnvVarsInLog = 0;
		};
		2240CF7D2E00814198890F36 /* [CP] Copy Pods Resources */ = {
			isa = PBXShellScriptBuildPhase;
			buildActionMask = 2147483647;
			files = (
			);
			inputPaths = (
			);
			name = "[CP] Copy Pods Resources";
			outputPaths = (
			);
			runOnlyForDeploymentPostprocessing = 0;
			shellPath = /bin/sh;
			shellScript = "\"${SRCROOT}/Pods/Target Support Files/Pods-AppFramework/Pods-AppFramework-resources.sh\"\n";
			showEnvVarsInLog = 0;
		};
		4003AA730B8840BDD02A7BB9 /* [CP] Embed Pods Frameworks */ = {
			isa = PBXShellScriptBuildPhase;
			buildActionMask = 2147483647;
			files = (
			);
			inputPaths = (
			);
			name = "[CP] Embed Pods Frameworks";
			outputPaths = (
			);
			runOnlyForDeploymentPostprocessing = 0;
			shellPath = /bin/sh;
			shellScript = "\"${SRCROOT}/Pods/Target Support Files/Pods-AppFramework/Pods-AppFramework-frameworks.sh\"\n";
			showEnvVarsInLog = 0;
		};
/* End PBXShellScriptBuildPhase section */

/* Begin PBXSourcesBuildPhase section */
		7E1742A51E615447002C2C6D /* Sources */ = {
			isa = PBXSourcesBuildPhase;
			buildActionMask = 2147483647;
			files = (
				7E1743241E61591E002C2C6D /* BaseNavigationController.m in Sources */,
				7E6DD99B1EA4993300B16579 /* DBTool.m in Sources */,
				7E0CF9CB1EAE024B00102CDB /* BaseWebViewController.m in Sources */,
				7E1742B41E615447002C2C6D /* ViewController.m in Sources */,
				7E0CF9C61EADF62900102CDB /* UIImage+Custom.m in Sources */,
				7E1743271E61591E002C2C6D /* BaseTableViewController.m in Sources */,
				7E17433C1E616892002C2C6D /* NSDate+Custom.m in Sources */,
				7E420DB41EE571C3005BFB83 /* IMConversationViewController.m in Sources */,
				7E1742B11E615447002C2C6D /* AppDelegate.m in Sources */,
				7EF9D1DC1EE67D7B004495C9 /* BaseModel.m in Sources */,
				7E1975F41E94B95500954869 /* AppDelegate+Notification.m in Sources */,
				7E1976391E94DD3500954869 /* AudioTool.m in Sources */,
				7EDC1AB11EAEEA6400516756 /* NSString+Validate.m in Sources */,
				7E6DD9981EA498BF00B16579 /* DBManager.m in Sources */,
				7EDC1AB01EAEEA6400516756 /* NSString+MD5.m in Sources */,
				7EF9D1D41EE67BFF004495C9 /* DemoViewController.m in Sources */,
				7EF44CF71EE6B86900EEDD1E /* VideoPlayerView.m in Sources */,
				523E4AC51E670C8D00573BA0 /* Request.m in Sources */,
				7EF44CF31EE6B47C00EEDD1E /* DemoTestViewController.m in Sources */,
				7E1D28721EE8362F0088095C /* VideoToolView.m in Sources */,
				7EF9D1D71EE67C76004495C9 /* DemoTableViewCell.m in Sources */,
				7E39FBED1E8F92C900E5029D /* IMGScaleView.m in Sources */,
				7E1975F51E94B95500954869 /* UpdateManager.m in Sources */,
				7E1743391E616837002C2C6D /* UIAlertController+Custom.m in Sources */,
				7E1743251E61591E002C2C6D /* BaseTabBarController.m in Sources */,
				7E420DBA1EE573C2005BFB83 /* IMMessageBaseCell.m in Sources */,
				7EDC1AAB1EAEE99200516756 /* UIControl+Button.m in Sources */,
				523E4AC21E670BB800573BA0 /* NSObject+Parser.m in Sources */,
				7E1743281E61591E002C2C6D /* BaseViewController.m in Sources */,
				7E1743261E61591E002C2C6D /* BaseTableViewCell.m in Sources */,
				7E0B34281EA60B740036B45F /* ConfigDefine.m in Sources */,
				7EF44CEB1EE6A0D300EEDD1E /* TouchIDTool.m in Sources */,
				7E1742AE1E615447002C2C6D /* main.m in Sources */,
				7E09DA351EDFF21200137D5B /* SKPaymetManager.m in Sources */,
				523E4ABE1E670A0A00573BA0 /* AFNetworkHelper.m in Sources */,
				7EDC1AA51EAED7CA00516756 /* NavigationView.m in Sources */,
				7E420DBE1EE57536005BFB83 /* IMMessageModel.m in Sources */,
				7E1975F61E94B95500954869 /* UserData.m in Sources */,
				7EE02BA01ED689E50097A0F5 /* MKQRCode.m in Sources */,
				7E1743331E616274002C2C6D /* NSTimer+Custom.m in Sources */,
				7EF44CE71EE6941A00EEDD1E /* UIView+custom.m in Sources */,
			);
			runOnlyForDeploymentPostprocessing = 0;
		};
		7E1742BE1E615447002C2C6D /* Sources */ = {
			isa = PBXSourcesBuildPhase;
			buildActionMask = 2147483647;
			files = (
			);
			runOnlyForDeploymentPostprocessing = 0;
		};
		7E1742C91E615447002C2C6D /* Sources */ = {
			isa = PBXSourcesBuildPhase;
			buildActionMask = 2147483647;
			files = (
			);
			runOnlyForDeploymentPostprocessing = 0;
		};
/* End PBXSourcesBuildPhase section */

/* Begin PBXTargetDependency section */
		7E1742C41E615447002C2C6D /* PBXTargetDependency */ = {
			isa = PBXTargetDependency;
			target = 7E1742A81E615447002C2C6D /* AppFramework */;
			targetProxy = 7E1742C31E615447002C2C6D /* PBXContainerItemProxy */;
		};
		7E1742CF1E615447002C2C6D /* PBXTargetDependency */ = {
			isa = PBXTargetDependency;
			target = 7E1742A81E615447002C2C6D /* AppFramework */;
			targetProxy = 7E1742CE1E615447002C2C6D /* PBXContainerItemProxy */;
		};
/* End PBXTargetDependency section */

/* Begin PBXVariantGroup section */
		7E1742B51E615447002C2C6D /* Main.storyboard */ = {
			isa = PBXVariantGroup;
			children = (
				7E1742B61E615447002C2C6D /* Base */,
			);
			name = Main.storyboard;
			sourceTree = "<group>";
		};
		7E1742BA1E615447002C2C6D /* LaunchScreen.storyboard */ = {
			isa = PBXVariantGroup;
			children = (
				7E1742BB1E615447002C2C6D /* Base */,
			);
			name = LaunchScreen.storyboard;
			sourceTree = "<group>";
		};
/* End PBXVariantGroup section */

/* Begin XCBuildConfiguration section */
		7E1742D41E615447002C2C6D /* Debug */ = {
			isa = XCBuildConfiguration;
			buildSettings = {
				ALWAYS_SEARCH_USER_PATHS = NO;
				CLANG_ANALYZER_NONNULL = YES;
				CLANG_CXX_LANGUAGE_STANDARD = "gnu++0x";
				CLANG_CXX_LIBRARY = "libc++";
				CLANG_ENABLE_MODULES = YES;
				CLANG_ENABLE_OBJC_ARC = YES;
				CLANG_WARN_BOOL_CONVERSION = YES;
				CLANG_WARN_CONSTANT_CONVERSION = YES;
				CLANG_WARN_DIRECT_OBJC_ISA_USAGE = YES_ERROR;
				CLANG_WARN_DOCUMENTATION_COMMENTS = YES;
				CLANG_WARN_EMPTY_BODY = YES;
				CLANG_WARN_ENUM_CONVERSION = YES;
				CLANG_WARN_INFINITE_RECURSION = YES;
				CLANG_WARN_INT_CONVERSION = YES;
				CLANG_WARN_OBJC_ROOT_CLASS = YES_ERROR;
				CLANG_WARN_SUSPICIOUS_MOVE = YES;
				CLANG_WARN_UNREACHABLE_CODE = YES;
				CLANG_WARN__DUPLICATE_METHOD_MATCH = YES;
				"CODE_SIGN_IDENTITY[sdk=iphoneos*]" = "iPhone Developer";
				COPY_PHASE_STRIP = NO;
				DEBUG_INFORMATION_FORMAT = dwarf;
				ENABLE_STRICT_OBJC_MSGSEND = YES;
				ENABLE_TESTABILITY = YES;
				GCC_C_LANGUAGE_STANDARD = gnu99;
				GCC_DYNAMIC_NO_PIC = NO;
				GCC_NO_COMMON_BLOCKS = YES;
				GCC_OPTIMIZATION_LEVEL = 0;
				GCC_PREPROCESSOR_DEFINITIONS = (
					"DEBUG=1",
					"$(inherited)",
				);
				GCC_WARN_64_TO_32_BIT_CONVERSION = YES;
				GCC_WARN_ABOUT_RETURN_TYPE = YES_ERROR;
				GCC_WARN_UNDECLARED_SELECTOR = YES;
				GCC_WARN_UNINITIALIZED_AUTOS = YES_AGGRESSIVE;
				GCC_WARN_UNUSED_FUNCTION = YES;
				GCC_WARN_UNUSED_VARIABLE = YES;
				IPHONEOS_DEPLOYMENT_TARGET = 10.2;
				MTL_ENABLE_DEBUG_INFO = YES;
				ONLY_ACTIVE_ARCH = YES;
				SDKROOT = iphoneos;
				TARGETED_DEVICE_FAMILY = "1,2";
			};
			name = Debug;
		};
		7E1742D51E615447002C2C6D /* Release */ = {
			isa = XCBuildConfiguration;
			buildSettings = {
				ALWAYS_SEARCH_USER_PATHS = NO;
				CLANG_ANALYZER_NONNULL = YES;
				CLANG_CXX_LANGUAGE_STANDARD = "gnu++0x";
				CLANG_CXX_LIBRARY = "libc++";
				CLANG_ENABLE_MODULES = YES;
				CLANG_ENABLE_OBJC_ARC = YES;
				CLANG_WARN_BOOL_CONVERSION = YES;
				CLANG_WARN_CONSTANT_CONVERSION = YES;
				CLANG_WARN_DIRECT_OBJC_ISA_USAGE = YES_ERROR;
				CLANG_WARN_DOCUMENTATION_COMMENTS = YES;
				CLANG_WARN_EMPTY_BODY = YES;
				CLANG_WARN_ENUM_CONVERSION = YES;
				CLANG_WARN_INFINITE_RECURSION = YES;
				CLANG_WARN_INT_CONVERSION = YES;
				CLANG_WARN_OBJC_ROOT_CLASS = YES_ERROR;
				CLANG_WARN_SUSPICIOUS_MOVE = YES;
				CLANG_WARN_UNREACHABLE_CODE = YES;
				CLANG_WARN__DUPLICATE_METHOD_MATCH = YES;
				"CODE_SIGN_IDENTITY[sdk=iphoneos*]" = "iPhone Developer";
				COPY_PHASE_STRIP = NO;
				DEBUG_INFORMATION_FORMAT = "dwarf-with-dsym";
				ENABLE_NS_ASSERTIONS = NO;
				ENABLE_STRICT_OBJC_MSGSEND = YES;
				GCC_C_LANGUAGE_STANDARD = gnu99;
				GCC_NO_COMMON_BLOCKS = YES;
				GCC_WARN_64_TO_32_BIT_CONVERSION = YES;
				GCC_WARN_ABOUT_RETURN_TYPE = YES_ERROR;
				GCC_WARN_UNDECLARED_SELECTOR = YES;
				GCC_WARN_UNINITIALIZED_AUTOS = YES_AGGRESSIVE;
				GCC_WARN_UNUSED_FUNCTION = YES;
				GCC_WARN_UNUSED_VARIABLE = YES;
				IPHONEOS_DEPLOYMENT_TARGET = 10.2;
				MTL_ENABLE_DEBUG_INFO = NO;
				SDKROOT = iphoneos;
				TARGETED_DEVICE_FAMILY = "1,2";
				VALIDATE_PRODUCT = YES;
			};
			name = Release;
		};
		7E1742D71E615447002C2C6D /* Debug */ = {
			isa = XCBuildConfiguration;
			baseConfigurationReference = 5071B19DD107C127611CF0DA /* Pods-AppFramework.debug.xcconfig */;
			buildSettings = {
				ASSETCATALOG_COMPILER_APPICON_NAME = AppIcon;
				DEVELOPMENT_TEAM = 8F8HDAXHUL;
				GCC_PRECOMPILE_PREFIX_HEADER = NO;
				GCC_PREFIX_HEADER = "$(SRCROOT)/AppFramework/PrefixHeader.pch";
				INFOPLIST_FILE = AppFramework/Info.plist;
				IPHONEOS_DEPLOYMENT_TARGET = 8.0;
				LD_RUNPATH_SEARCH_PATHS = "$(inherited) @executable_path/Frameworks";
				MACH_O_TYPE = mh_execute;
				PRODUCT_BUNDLE_IDENTIFIER = com.cnsunrun.AppFramework;
				PRODUCT_NAME = "$(TARGET_NAME)";
			};
			name = Debug;
		};
		7E1742D81E615447002C2C6D /* Release */ = {
			isa = XCBuildConfiguration;
			baseConfigurationReference = 372748B1113F776C0121E57A /* Pods-AppFramework.release.xcconfig */;
			buildSettings = {
				ASSETCATALOG_COMPILER_APPICON_NAME = AppIcon;
				DEVELOPMENT_TEAM = 8F8HDAXHUL;
				GCC_PRECOMPILE_PREFIX_HEADER = NO;
				GCC_PREFIX_HEADER = "$(SRCROOT)/AppFramework/PrefixHeader.pch";
				INFOPLIST_FILE = AppFramework/Info.plist;
				IPHONEOS_DEPLOYMENT_TARGET = 8.0;
				LD_RUNPATH_SEARCH_PATHS = "$(inherited) @executable_path/Frameworks";
				MACH_O_TYPE = mh_execute;
				PRODUCT_BUNDLE_IDENTIFIER = com.cnsunrun.AppFramework;
				PRODUCT_NAME = "$(TARGET_NAME)";
			};
			name = Release;
		};
		7E1742DA1E615447002C2C6D /* Debug */ = {
			isa = XCBuildConfiguration;
			buildSettings = {
				BUNDLE_LOADER = "$(TEST_HOST)";
				DEVELOPMENT_TEAM = 65NXQ3JZD2;
				INFOPLIST_FILE = AppFrameworkTests/Info.plist;
				LD_RUNPATH_SEARCH_PATHS = "$(inherited) @executable_path/Frameworks @loader_path/Frameworks";
				PRODUCT_BUNDLE_IDENTIFIER = person.AppFrameworkTests;
				PRODUCT_NAME = "$(TARGET_NAME)";
				TEST_HOST = "$(BUILT_PRODUCTS_DIR)/AppFramework.app/AppFramework";
			};
			name = Debug;
		};
		7E1742DB1E615447002C2C6D /* Release */ = {
			isa = XCBuildConfiguration;
			buildSettings = {
				BUNDLE_LOADER = "$(TEST_HOST)";
				DEVELOPMENT_TEAM = 65NXQ3JZD2;
				INFOPLIST_FILE = AppFrameworkTests/Info.plist;
				LD_RUNPATH_SEARCH_PATHS = "$(inherited) @executable_path/Frameworks @loader_path/Frameworks";
				PRODUCT_BUNDLE_IDENTIFIER = person.AppFrameworkTests;
				PRODUCT_NAME = "$(TARGET_NAME)";
				TEST_HOST = "$(BUILT_PRODUCTS_DIR)/AppFramework.app/AppFramework";
			};
			name = Release;
		};
		7E1742DD1E615447002C2C6D /* Debug */ = {
			isa = XCBuildConfiguration;
			buildSettings = {
				DEVELOPMENT_TEAM = 65NXQ3JZD2;
				INFOPLIST_FILE = AppFrameworkUITests/Info.plist;
				LD_RUNPATH_SEARCH_PATHS = "$(inherited) @executable_path/Frameworks @loader_path/Frameworks";
				PRODUCT_BUNDLE_IDENTIFIER = person.AppFrameworkUITests;
				PRODUCT_NAME = "$(TARGET_NAME)";
				TEST_TARGET_NAME = AppFramework;
			};
			name = Debug;
		};
		7E1742DE1E615447002C2C6D /* Release */ = {
			isa = XCBuildConfiguration;
			buildSettings = {
				DEVELOPMENT_TEAM = 65NXQ3JZD2;
				INFOPLIST_FILE = AppFrameworkUITests/Info.plist;
				LD_RUNPATH_SEARCH_PATHS = "$(inherited) @executable_path/Frameworks @loader_path/Frameworks";
				PRODUCT_BUNDLE_IDENTIFIER = person.AppFrameworkUITests;
				PRODUCT_NAME = "$(TARGET_NAME)";
				TEST_TARGET_NAME = AppFramework;
			};
			name = Release;
		};
/* End XCBuildConfiguration section */

/* Begin XCConfigurationList section */
		7E1742A41E615447002C2C6D /* Build configuration list for PBXProject "AppFramework" */ = {
			isa = XCConfigurationList;
			buildConfigurations = (
				7E1742D41E615447002C2C6D /* Debug */,
				7E1742D51E615447002C2C6D /* Release */,
			);
			defaultConfigurationIsVisible = 0;
			defaultConfigurationName = Release;
		};
		7E1742D61E615447002C2C6D /* Build configuration list for PBXNativeTarget "AppFramework" */ = {
			isa = XCConfigurationList;
			buildConfigurations = (
				7E1742D71E615447002C2C6D /* Debug */,
				7E1742D81E615447002C2C6D /* Release */,
			);
			defaultConfigurationIsVisible = 0;
			defaultConfigurationName = Release;
		};
		7E1742D91E615447002C2C6D /* Build configuration list for PBXNativeTarget "AppFrameworkTests" */ = {
			isa = XCConfigurationList;
			buildConfigurations = (
				7E1742DA1E615447002C2C6D /* Debug */,
				7E1742DB1E615447002C2C6D /* Release */,
			);
			defaultConfigurationIsVisible = 0;
			defaultConfigurationName = Release;
		};
		7E1742DC1E615447002C2C6D /* Build configuration list for PBXNativeTarget "AppFrameworkUITests" */ = {
			isa = XCConfigurationList;
			buildConfigurations = (
				7E1742DD1E615447002C2C6D /* Debug */,
				7E1742DE1E615447002C2C6D /* Release */,
			);
			defaultConfigurationIsVisible = 0;
			defaultConfigurationName = Release;
		};
/* End XCConfigurationList section */
	};
	rootObject = 7E1742A11E615447002C2C6D /* Project object */;
}
